github.com/goatx/goat v0.3.0 h1:0299l51nCRR40aKPet3fmOp0JetGKm8HqrBfthZb3ro=
github.com/goatx/goat v0.3.0/go.mod h1:P+U5Quc7zK3gYzKbRXtceYmRd4hIe4DfFDNW4gQCe0o=
github.com/goatx/goat v0.3.1-0.20251105145510-2b3119b1b284 h1:GSnXoYyCHPLl1Je1SACyN9lZ8d0qe/FbSNHjhcc5S0k=
github.com/goatx/goat v0.3.1-0.20251105145510-2b3119b1b284/go.mod h1:P+U5Quc7zK3gYzKbRXtceYmRd4hIe4DfFDNW4gQCe0o=
github.com/google/go-cmp v0.7.0 h1:wk8382ETsv4JYUZwIsn6YpYiWiBsYLSJiTsyBybVuN8=
github.com/google/go-cmp v0.7.0/go.mod h1:pXiqmnSA92OHEEa9HXL2W4E7lf9JzCmGVUdgjX3N/iU=
